{
  "name": "pkwordcounter",
  "version": "1.0.3",
  "lockfileVersion": 3,
  "requires": true,
  "packages": {
    "": {
      "name": "pkwordcounter",
      "version": "1.0.3",
      "license": "ISC",
      "dependencies": {
        "copyimage": "^1.0.3"
      },
      "bin": {
        "pkwordcounter": "index.js"
      }
    },
    "node_modules/copyimage": {
      "version": "1.0.3",
      "resolved": "https://registry.npmjs.org/copyimage/-/copyimage-1.0.3.tgz",
      "integrity": "sha512-4I0V066lnYwwRvBij2VwHXuLk2jLDlY/e4oA2GDoKHhMGGVNyFapXLHzU5is+mL2CCU5H/1az19S5SQdY5o6KA==",
      "license": "ISC",
      "bin": {
        "copyimage": "index.js"
      }
    }
  }
}
